PODS:
  - APNGImageSerialization (0.1.3)

DEPENDENCIES:
  - APNGImageSerialization (from `../`)

EXTERNAL SOURCES:
  APNGImageSerialization:
    :path: ../

SPEC CHECKSUMS:
  APNGImageSerialization: 8a3d120d08e84382456c858653beb94b7b499fc9

PODFILE CHECKSUM: b0a291eeae917617498b6109eba49524a925b61d

COCOAPODS: 1.3.1
